
Microsoft Visual Studio Solution File, Format Version 12.00
# Visual Studio Version 17
VisualStudioVersion = 17.4.33110.190
MinimumVisualStudioVersion = 10.0.40219.1
Project("{FAE04EC0-301F-11D3-BF4B-00C04F79EFBC}") = "Car_Data_Base", "Car_Data_Base\Car_Data_Base.csproj", "{5C34A56E-BEE2-4EA2-8BEC-0B55ABB72249}"
EndProject
Global
	GlobalSection(SolutionConfigurationPlatforms) = preSolution
		Debug|Any CPU = Debug|Any CPU
		Release|Any CPU = Release|Any CPU
	EndGlobalSection
	GlobalSection(ProjectConfigurationPlatforms) = postSolution
		{5C34A56E-BEE2-4EA2-8BEC-0B55ABB72249}.Debug|Any CPU.ActiveCfg = Debug|Any CPU
		{5C34A56E-BEE2-4EA2-8BEC-0B55ABB72249}.Debug|Any CPU.Build.0 = Debug|Any CPU
		{5C34A56E-BEE2-4EA2-8BEC-0B55ABB72249}.Release|Any CPU.ActiveCfg = Release|Any CPU
		{5C34A56E-BEE2-4EA2-8BEC-0B55ABB72249}.Release|Any CPU.Build.0 = Release|Any CPU
	EndGlobalSection
	GlobalSection(SolutionProperties) = preSolution
		HideSolutionNode = FALSE
	EndGlobalSection
	GlobalSection(ExtensibilityGlobals) = postSolution
		SolutionGuid = {ACFE888E-9873-4DB5-8DE6-FCEF094A28FD}
	EndGlobalSection
EndGlobal
